
Microsoft Visual Studio Solution File, Format Version 12.00
# Visual Studio Version 17
VisualStudioVersion = 17.3.32922.545
MinimumVisualStudioVersion = 10.0.40219.1
Project("{FAE04EC0-301F-11D3-BF4B-00C04F79EFBC}") = "PracticeActivity.Android", "PracticeActivity.Android\PracticeActivity.Android.csproj", "{CC3E2406-B50C-4425-A3D5-6BACBEE12425}"
EndProject
Project("{FAE04EC0-301F-11D3-BF4B-00C04F79EFBC}") = "PracticeActivity.iOS", "PracticeActivity.iOS\PracticeActivity.iOS.csproj", "{258C295E-5550-48BE-AA2D-908CB222C16B}"
EndProject
Project("{FAE04EC0-301F-11D3-BF4B-00C04F79EFBC}") = "PracticeActivity", "PracticeActivity\PracticeActivity.csproj", "{AE567452-1BCE-42C0-9347-A492E874F0FA}"
EndProject
Global
	GlobalSection(SolutionConfigurationPlatforms) = preSolution
		Debug|Any CPU = Debug|Any CPU
		Debug|iPhone = Debug|iPhone
		Debug|iPhoneSimulator = Debug|iPhoneSimulator
		Release|Any CPU = Release|Any CPU
		Release|iPhone = Release|iPhone
		Release|iPhoneSimulator = Release|iPhoneSimulator
	EndGlobalSection
	GlobalSection(ProjectConfigurationPlatforms) = postSolution
		{CC3E2406-B50C-4425-A3D5-6BACBEE12425}.Debug|Any CPU.ActiveCfg = Debug|Any CPU
		{CC3E2406-B50C-4425-A3D5-6BACBEE12425}.Debug|Any CPU.Build.0 = Debug|Any CPU
		{CC3E2406-B50C-4425-A3D5-6BACBEE12425}.Debug|Any CPU.Deploy.0 = Debug|Any CPU
		{CC3E2406-B50C-4425-A3D5-6BACBEE12425}.Debug|iPhone.ActiveCfg = Debug|Any CPU
		{CC3E2406-B50C-4425-A3D5-6BACBEE12425}.Debug|iPhone.Build.0 = Debug|Any CPU
		{CC3E2406-B50C-4425-A3D5-6BACBEE12425}.Debug|iPhone.Deploy.0 = Debug|Any CPU
		{CC3E2406-B50C-4425-A3D5-6BACBEE12425}.Debug|iPhoneSimulator.ActiveCfg = Debug|Any CPU
		{CC3E2406-B50C-4425-A3D5-6BACBEE12425}.Debug|iPhoneSimulator.Build.0 = Debug|Any CPU
		{CC3E2406-B50C-4425-A3D5-6BACBEE12425}.Debug|iPhoneSimulator.Deploy.0 = Debug|Any CPU
		{CC3E2406-B50C-4425-A3D5-6BACBEE12425}.Release|Any CPU.ActiveCfg = Release|Any CPU
		{CC3E2406-B50C-4425-A3D5-6BACBEE12425}.Release|Any CPU.Build.0 = Release|Any CPU
		{CC3E2406-B50C-4425-A3D5-6BACBEE12425}.Release|Any CPU.Deploy.0 = Release|Any CPU
		{CC3E2406-B50C-4425-A3D5-6BACBEE12425}.Release|iPhone.ActiveCfg = Release|Any CPU
		{CC3E2406-B50C-4425-A3D5-6BACBEE12425}.Release|iPhone.Build.0 = Release|Any CPU
		{CC3E2406-B50C-4425-A3D5-6BACBEE12425}.Release|iPhone.Deploy.0 = Release|Any CPU
		{CC3E2406-B50C-4425-A3D5-6BACBEE12425}.Release|iPhoneSimulator.ActiveCfg = Release|Any CPU
		{CC3E2406-B50C-4425-A3D5-6BACBEE12425}.Release|iPhoneSimulator.Build.0 = Release|Any CPU
		{CC3E2406-B50C-4425-A3D5-6BACBEE12425}.Release|iPhoneSimulator.Deploy.0 = Release|Any CPU
		{258C295E-5550-48BE-AA2D-908CB222C16B}.Debug|Any CPU.ActiveCfg = Debug|iPhone
		{258C295E-5550-48BE-AA2D-908CB222C16B}.Debug|Any CPU.Build.0 = Debug|iPhone
		{258C295E-5550-48BE-AA2D-908CB222C16B}.Debug|Any CPU.Deploy.0 = Debug|iPhone
		{258C295E-5550-48BE-AA2D-908CB222C16B}.Debug|iPhone.ActiveCfg = Debug|iPhone
		{258C295E-5550-48BE-AA2D-908CB222C16B}.Debug|iPhone.Build.0 = Debug|iPhone
		{258C295E-5550-48BE-AA2D-908CB222C16B}.Debug|iPhone.Deploy.0 = Debug|iPhone
		{258C295E-5550-48BE-AA2D-908CB222C16B}.Debug|iPhoneSimulator.ActiveCfg = Debug|iPhoneSimulator
		{258C295E-5550-48BE-AA2D-908CB222C16B}.Debug|iPhoneSimulator.Build.0 = Debug|iPhoneSimulator
		{258C295E-5550-48BE-AA2D-908CB222C16B}.Debug|iPhoneSimulator.Deploy.0 = Debug|iPhoneSimulator
		{258C295E-5550-48BE-AA2D-908CB222C16B}.Release|Any CPU.ActiveCfg = Release|iPhoneSimulator
		{258C295E-5550-48BE-AA2D-908CB222C16B}.Release|Any CPU.Build.0 = Release|iPhoneSimulator
		{258C295E-5550-48BE-AA2D-908CB222C16B}.Release|Any CPU.Deploy.0 = Release|iPhoneSimulator
		{258C295E-5550-48BE-AA2D-908CB222C16B}.Release|iPhone.ActiveCfg = Release|iPhone
		{258C295E-5550-48BE-AA2D-908CB222C16B}.Release|iPhone.Build.0 = Release|iPhone
		{258C295E-5550-48BE-AA2D-908CB222C16B}.Release|iPhone.Deploy.0 = Release|iPhone
		{258C295E-5550-48BE-AA2D-908CB222C16B}.Release|iPhoneSimulator.ActiveCfg = Release|iPhoneSimulator
		{258C295E-5550-48BE-AA2D-908CB222C16B}.Release|iPhoneSimulator.Build.0 = Release|iPhoneSimulator
		{258C295E-5550-48BE-AA2D-908CB222C16B}.Release|iPhoneSimulator.Deploy.0 = Release|iPhoneSimulator
		{AE567452-1BCE-42C0-9347-A492E874F0FA}.Debug|Any CPU.ActiveCfg = Debug|Any CPU
		{AE567452-1BCE-42C0-9347-A492E874F0FA}.Debug|Any CPU.Build.0 = Debug|Any CPU
		{AE567452-1BCE-42C0-9347-A492E874F0FA}.Debug|Any CPU.Deploy.0 = Debug|Any CPU
		{AE567452-1BCE-42C0-9347-A492E874F0FA}.Debug|iPhone.ActiveCfg = Debug|Any CPU
		{AE567452-1BCE-42C0-9347-A492E874F0FA}.Debug|iPhone.Build.0 = Debug|Any CPU
		{AE567452-1BCE-42C0-9347-A492E874F0FA}.Debug|iPhone.Deploy.0 = Debug|Any CPU
		{AE567452-1BCE-42C0-9347-A492E874F0FA}.Debug|iPhoneSimulator.ActiveCfg = Debug|Any CPU
		{AE567452-1BCE-42C0-9347-A492E874F0FA}.Debug|iPhoneSimulator.Build.0 = Debug|Any CPU
		{AE567452-1BCE-42C0-9347-A492E874F0FA}.Debug|iPhoneSimulator.Deploy.0 = Debug|Any CPU
		{AE567452-1BCE-42C0-9347-A492E874F0FA}.Release|Any CPU.ActiveCfg = Release|Any CPU
		{AE567452-1BCE-42C0-9347-A492E874F0FA}.Release|Any CPU.Build.0 = Release|Any CPU
		{AE567452-1BCE-42C0-9347-A492E874F0FA}.Release|Any CPU.Deploy.0 = Release|Any CPU
		{AE567452-1BCE-42C0-9347-A492E874F0FA}.Release|iPhone.ActiveCfg = Release|Any CPU
		{AE567452-1BCE-42C0-9347-A492E874F0FA}.Release|iPhone.Build.0 = Release|Any CPU
		{AE567452-1BCE-42C0-9347-A492E874F0FA}.Release|iPhone.Deploy.0 = Release|Any CPU
		{AE567452-1BCE-42C0-9347-A492E874F0FA}.Release|iPhoneSimulator.ActiveCfg = Release|Any CPU
		{AE567452-1BCE-42C0-9347-A492E874F0FA}.Release|iPhoneSimulator.Build.0 = Release|Any CPU
		{AE567452-1BCE-42C0-9347-A492E874F0FA}.Release|iPhoneSimulator.Deploy.0 = Release|Any CPU
	EndGlobalSection
	GlobalSection(SolutionProperties) = preSolution
		HideSolutionNode = FALSE
	EndGlobalSection
	GlobalSection(ExtensibilityGlobals) = postSolution
		SolutionGuid = {62C2D163-73A1-4122-B3CD-05DBA2D3F67D}
	EndGlobalSection
EndGlobal
